
Microsoft Visual Studio Solution File, Format Version 12.00
# Visual Studio Version 17
VisualStudioVersion = 17.5.33516.290
MinimumVisualStudioVersion = 10.0.40219.1
Project("{FAE04EC0-301F-11D3-BF4B-00C04F79EFBC}") = "ApiDomino", "ApiDomino\ApiDomino.csproj", "{1AAE16FA-6624-46E0-80D9-DC8C1EF89543}"
EndProject
Global
	GlobalSection(SolutionConfigurationPlatforms) = preSolution
		Debug|Any CPU = Debug|Any CPU
		Release|Any CPU = Release|Any CPU
	EndGlobalSection
	GlobalSection(ProjectConfigurationPlatforms) = postSolution
		{1AAE16FA-6624-46E0-80D9-DC8C1EF89543}.Debug|Any CPU.ActiveCfg = Debug|Any CPU
		{1AAE16FA-6624-46E0-80D9-DC8C1EF89543}.Debug|Any CPU.Build.0 = Debug|Any CPU
		{1AAE16FA-6624-46E0-80D9-DC8C1EF89543}.Release|Any CPU.ActiveCfg = Release|Any CPU
		{1AAE16FA-6624-46E0-80D9-DC8C1EF89543}.Release|Any CPU.Build.0 = Release|Any CPU
	EndGlobalSection
	GlobalSection(SolutionProperties) = preSolution
		HideSolutionNode = FALSE
	EndGlobalSection
	GlobalSection(ExtensibilityGlobals) = postSolution
		SolutionGuid = {723637F2-CE62-4D28-B2F6-E5143F479BE7}
	EndGlobalSection
EndGlobal
